
Microsoft Visual Studio Solution File, Format Version 12.00
# Visual Studio Version 17
VisualStudioVersion = 17.0.32002.185
MinimumVisualStudioVersion = 10.0.40219.1
Project("{FAE04EC0-301F-11D3-BF4B-00C04F79EFBC}") = "XPertz.TvShows.Controllers", "src\XPertz.TvShows.Controllers.csproj", "{9C034B95-E277-4346-9BDA-ACFCB95EA034}"
EndProject
Project("{2150E333-8FDC-42A3-9474-1A3956D46DE8}") = "src", "src", "{7A426ED8-DC60-43FF-A99A-4BB023B74CCA}"
EndProject
Global
	GlobalSection(SolutionConfigurationPlatforms) = preSolution
		Debug|Any CPU = Debug|Any CPU
		Release|Any CPU = Release|Any CPU
	EndGlobalSection
	GlobalSection(ProjectConfigurationPlatforms) = postSolution
		{9C034B95-E277-4346-9BDA-ACFCB95EA034}.Debug|Any CPU.ActiveCfg = Debug|Any CPU
		{9C034B95-E277-4346-9BDA-ACFCB95EA034}.Debug|Any CPU.Build.0 = Debug|Any CPU
		{9C034B95-E277-4346-9BDA-ACFCB95EA034}.Release|Any CPU.ActiveCfg = Release|Any CPU
		{9C034B95-E277-4346-9BDA-ACFCB95EA034}.Release|Any CPU.Build.0 = Release|Any CPU
	EndGlobalSection
	GlobalSection(SolutionProperties) = preSolution
		HideSolutionNode = FALSE
	EndGlobalSection
	GlobalSection(NestedProjects) = preSolution
		{9C034B95-E277-4346-9BDA-ACFCB95EA034} = {7A426ED8-DC60-43FF-A99A-4BB023B74CCA}
	EndGlobalSection
	GlobalSection(ExtensibilityGlobals) = postSolution
		SolutionGuid = {8B6F6628-F06A-4FA7-8139-546B30CA22FC}
	EndGlobalSection
EndGlobal
