
Microsoft Visual Studio Solution File, Format Version 12.00
# Visual Studio Version 17
VisualStudioVersion = 17.0.32002.185
MinimumVisualStudioVersion = 10.0.40219.1
Project("{FAE04EC0-301F-11D3-BF4B-00C04F79EFBC}") = "XPertz.TvShows.Repositories", "src\XPertz.TvShows.Repositories.csproj", "{37D5226F-4642-409D-B570-C404EE059846}"
EndProject
Project("{2150E333-8FDC-42A3-9474-1A3956D46DE8}") = "src", "src", "{82CFB396-9896-4268-A6F5-A78DECD675FE}"
EndProject
Global
	GlobalSection(SolutionConfigurationPlatforms) = preSolution
		Debug|Any CPU = Debug|Any CPU
		Release|Any CPU = Release|Any CPU
	EndGlobalSection
	GlobalSection(ProjectConfigurationPlatforms) = postSolution
		{37D5226F-4642-409D-B570-C404EE059846}.Debug|Any CPU.ActiveCfg = Debug|Any CPU
		{37D5226F-4642-409D-B570-C404EE059846}.Debug|Any CPU.Build.0 = Debug|Any CPU
		{37D5226F-4642-409D-B570-C404EE059846}.Release|Any CPU.ActiveCfg = Release|Any CPU
		{37D5226F-4642-409D-B570-C404EE059846}.Release|Any CPU.Build.0 = Release|Any CPU
	EndGlobalSection
	GlobalSection(SolutionProperties) = preSolution
		HideSolutionNode = FALSE
	EndGlobalSection
	GlobalSection(NestedProjects) = preSolution
		{37D5226F-4642-409D-B570-C404EE059846} = {82CFB396-9896-4268-A6F5-A78DECD675FE}
	EndGlobalSection
	GlobalSection(ExtensibilityGlobals) = postSolution
		SolutionGuid = {5CF7961D-26F5-4ED7-A84F-7AD27F261E8D}
	EndGlobalSection
EndGlobal
